Microsoft Visual Studio Solution File, Format Version 12.00
# Visual Studio Version 17
VisualStudioVersion = 17.5.2.0
MinimumVisualStudioVersion = 10.0.40219.1
Project("{FAE04EC0-301F-11D3-BF4B-00C04F79EFBC}") = "famrhouserent", "famrhouserent.csproj", "{EDDC4DE4-B41D-9B29-76DB-98CAF97B4BCF}"
EndProject
Global
	GlobalSection(SolutionConfigurationPlatforms) = preSolution
		Debug|Any CPU = Debug|Any CPU
		Release|Any CPU = Release|Any CPU
	EndGlobalSection
	GlobalSection(ProjectConfigurationPlatforms) = postSolution
		{EDDC4DE4-B41D-9B29-76DB-98CAF97B4BCF}.Debug|Any CPU.ActiveCfg = Debug|Any CPU
		{EDDC4DE4-B41D-9B29-76DB-98CAF97B4BCF}.Debug|Any CPU.Build.0 = Debug|Any CPU
		{EDDC4DE4-B41D-9B29-76DB-98CAF97B4BCF}.Release|Any CPU.ActiveCfg = Release|Any CPU
		{EDDC4DE4-B41D-9B29-76DB-98CAF97B4BCF}.Release|Any CPU.Build.0 = Release|Any CPU
	EndGlobalSection
	GlobalSection(SolutionProperties) = preSolution
		HideSolutionNode = FALSE
	EndGlobalSection
	GlobalSection(ExtensibilityGlobals) = postSolution
		SolutionGuid = {7E16208B-6CBB-4A97-993E-D13A357AB4B2}
	EndGlobalSection
EndGlobal
